<?xml version="1.0" encoding="utf-8"?>
<Project ToolsVersion="4.0" xmlns="http://schemas.microsoft.com/developer/msbuild/2003">
  <ItemGroup>
    <ClCompile Include="..\src\Exercise01.cpp" />
  </ItemGroup>
  <ItemGroup>
    <Filter Include="Header Files">
      <UniqueIdentifier>{0e241bee-3b75-4f7b-9bd8-89140e7fb26c}</UniqueIdentifier>
    </Filter>
  </ItemGroup>
</Project>